
Microsoft Visual Studio Solution File, Format Version 12.00
# Visual Studio 2012
Project("{8BC9CEB8-8B4A-11D0-8D11-00A0C91BC942}") = "DetectParentProcess", "AntiDebug_Parent.vcxproj", "{0BAFEF3D-0768-4B6F-8546-6807C4D9DD2F}"
EndProject
Project("{8BC9CEB8-8B4A-11D0-8D11-00A0C91BC942}") = "DebugPort", "DebugPort\DebugPort.vcxproj", "{F8E29941-C2A6-40FC-BA39-48766829A32C}"
EndProject
Project("{8BC9CEB8-8B4A-11D0-8D11-00A0C91BC942}") = "ApiAntiDebug", "ApiAntiDebug\ApiAntiDebug.vcxproj", "{673B397A-9B8A-4A98-B359-6A1F8CE837C2}"
EndProject
Project("{8BC9CEB8-8B4A-11D0-8D11-00A0C91BC942}") = "StopDebugger", "StopDebugger\StopDebugger.vcxproj", "{B9A93AF2-01D0-4DE2-9E1C-F449EB86E2C0}"
EndProject
Project("{8BC9CEB8-8B4A-11D0-8D11-00A0C91BC942}") = "MakeException", "MakeException\MakeException.vcxproj", "{C755562E-F613-4E9A-8702-5E0686B5C178}"
EndProject
Project("{8BC9CEB8-8B4A-11D0-8D11-00A0C91BC942}") = "PEBdebugFlag", "PEBdebugFlag\PEBdebugFlag.vcxproj", "{422EF2A3-6C6C-43DC-A606-9F6F5620AA70}"
EndProject
Project("{8BC9CEB8-8B4A-11D0-8D11-00A0C91BC942}") = "PEBNtGlobalFlags", "PEBNtGlobalFlags\PEBNtGlobalFlags.vcxproj", "{4148723D-F22B-4884-97D0-C6A8E839BFE7}"
EndProject
Project("{8BC9CEB8-8B4A-11D0-8D11-00A0C91BC942}") = "PEBHeapFlags", "PEBHeapFlags\PEBHeapFlags.vcxproj", "{C793586E-F0E4-4914-9CC9-35455DE107B9}"
EndProject
Project("{8BC9CEB8-8B4A-11D0-8D11-00A0C91BC942}") = "PEBForceFlags", "PEBForceFlags\PEBForceFlags.vcxproj", "{4375D567-B571-4567-8AB5-DACB8B3A3D0A}"
EndProject
Project("{8BC9CEB8-8B4A-11D0-8D11-00A0C91BC942}") = "HeapTail", "HeapTail\HeapTail.vcxproj", "{218EF7D4-ABAB-4096-BF63-4956D97D152A}"
EndProject
Project("{8BC9CEB8-8B4A-11D0-8D11-00A0C91BC942}") = "Int3Exception", "Int3Exception\Int3Exception.vcxproj", "{251CD255-1D28-4225-AC47-AD5CEB35027D}"
EndProject
Project("{8BC9CEB8-8B4A-11D0-8D11-00A0C91BC942}") = "POPF", "POPF\POPF.vcxproj", "{676DA377-0CE3-45B5-987B-6CF61D18413E}"
EndProject
Project("{8BC9CEB8-8B4A-11D0-8D11-00A0C91BC942}") = "SeDebugPrivilege", "SeDebugPrivilege\SeDebugPrivilege.vcxproj", "{2B279D42-8A13-486F-9CB8-EBB5D0F9D096}"
EndProject
Project("{8BC9CEB8-8B4A-11D0-8D11-00A0C91BC942}") = "GuartPage", "GuartPage\GuartPage.vcxproj", "{2CD73AA6-AF9D-4D81-9E92-AEEBF655469D}"
EndProject
Global
	GlobalSection(SolutionConfigurationPlatforms) = preSolution
		Debug|Win32 = Debug|Win32
		Release|Win32 = Release|Win32
	EndGlobalSection
	GlobalSection(ProjectConfigurationPlatforms) = postSolution
		{0BAFEF3D-0768-4B6F-8546-6807C4D9DD2F}.Debug|Win32.ActiveCfg = Debug|Win32
		{0BAFEF3D-0768-4B6F-8546-6807C4D9DD2F}.Debug|Win32.Build.0 = Debug|Win32
		{0BAFEF3D-0768-4B6F-8546-6807C4D9DD2F}.Release|Win32.ActiveCfg = Release|Win32
		{0BAFEF3D-0768-4B6F-8546-6807C4D9DD2F}.Release|Win32.Build.0 = Release|Win32
		{F8E29941-C2A6-40FC-BA39-48766829A32C}.Debug|Win32.ActiveCfg = Debug|Win32
		{F8E29941-C2A6-40FC-BA39-48766829A32C}.Debug|Win32.Build.0 = Debug|Win32
		{F8E29941-C2A6-40FC-BA39-48766829A32C}.Release|Win32.ActiveCfg = Release|Win32
		{F8E29941-C2A6-40FC-BA39-48766829A32C}.Release|Win32.Build.0 = Release|Win32
		{673B397A-9B8A-4A98-B359-6A1F8CE837C2}.Debug|Win32.ActiveCfg = Debug|Win32
		{673B397A-9B8A-4A98-B359-6A1F8CE837C2}.Debug|Win32.Build.0 = Debug|Win32
		{673B397A-9B8A-4A98-B359-6A1F8CE837C2}.Release|Win32.ActiveCfg = Release|Win32
		{673B397A-9B8A-4A98-B359-6A1F8CE837C2}.Release|Win32.Build.0 = Release|Win32
		{B9A93AF2-01D0-4DE2-9E1C-F449EB86E2C0}.Debug|Win32.ActiveCfg = Debug|Win32
		{B9A93AF2-01D0-4DE2-9E1C-F449EB86E2C0}.Debug|Win32.Build.0 = Debug|Win32
		{B9A93AF2-01D0-4DE2-9E1C-F449EB86E2C0}.Release|Win32.ActiveCfg = Release|Win32
		{B9A93AF2-01D0-4DE2-9E1C-F449EB86E2C0}.Release|Win32.Build.0 = Release|Win32
		{C755562E-F613-4E9A-8702-5E0686B5C178}.Debug|Win32.ActiveCfg = Debug|Win32
		{C755562E-F613-4E9A-8702-5E0686B5C178}.Debug|Win32.Build.0 = Debug|Win32
		{C755562E-F613-4E9A-8702-5E0686B5C178}.Release|Win32.ActiveCfg = Release|Win32
		{C755562E-F613-4E9A-8702-5E0686B5C178}.Release|Win32.Build.0 = Release|Win32
		{422EF2A3-6C6C-43DC-A606-9F6F5620AA70}.Debug|Win32.ActiveCfg = Debug|Win32
		{422EF2A3-6C6C-43DC-A606-9F6F5620AA70}.Debug|Win32.Build.0 = Debug|Win32
		{422EF2A3-6C6C-43DC-A606-9F6F5620AA70}.Release|Win32.ActiveCfg = Release|Win32
		{422EF2A3-6C6C-43DC-A606-9F6F5620AA70}.Release|Win32.Build.0 = Release|Win32
		{4148723D-F22B-4884-97D0-C6A8E839BFE7}.Debug|Win32.ActiveCfg = Debug|Win32
		{4148723D-F22B-4884-97D0-C6A8E839BFE7}.Debug|Win32.Build.0 = Debug|Win32
		{4148723D-F22B-4884-97D0-C6A8E839BFE7}.Release|Win32.ActiveCfg = Release|Win32
		{4148723D-F22B-4884-97D0-C6A8E839BFE7}.Release|Win32.Build.0 = Release|Win32
		{C793586E-F0E4-4914-9CC9-35455DE107B9}.Debug|Win32.ActiveCfg = Debug|Win32
		{C793586E-F0E4-4914-9CC9-35455DE107B9}.Debug|Win32.Build.0 = Debug|Win32
		{C793586E-F0E4-4914-9CC9-35455DE107B9}.Release|Win32.ActiveCfg = Release|Win32
		{C793586E-F0E4-4914-9CC9-35455DE107B9}.Release|Win32.Build.0 = Release|Win32
		{4375D567-B571-4567-8AB5-DACB8B3A3D0A}.Debug|Win32.ActiveCfg = Debug|Win32
		{4375D567-B571-4567-8AB5-DACB8B3A3D0A}.Debug|Win32.Build.0 = Debug|Win32
		{4375D567-B571-4567-8AB5-DACB8B3A3D0A}.Release|Win32.ActiveCfg = Release|Win32
		{4375D567-B571-4567-8AB5-DACB8B3A3D0A}.Release|Win32.Build.0 = Release|Win32
		{218EF7D4-ABAB-4096-BF63-4956D97D152A}.Debug|Win32.ActiveCfg = Debug|Win32
		{218EF7D4-ABAB-4096-BF63-4956D97D152A}.Debug|Win32.Build.0 = Debug|Win32
		{218EF7D4-ABAB-4096-BF63-4956D97D152A}.Release|Win32.ActiveCfg = Release|Win32
		{218EF7D4-ABAB-4096-BF63-4956D97D152A}.Release|Win32.Build.0 = Release|Win32
		{251CD255-1D28-4225-AC47-AD5CEB35027D}.Debug|Win32.ActiveCfg = Debug|Win32
		{251CD255-1D28-4225-AC47-AD5CEB35027D}.Debug|Win32.Build.0 = Debug|Win32
		{251CD255-1D28-4225-AC47-AD5CEB35027D}.Release|Win32.ActiveCfg = Release|Win32
		{251CD255-1D28-4225-AC47-AD5CEB35027D}.Release|Win32.Build.0 = Release|Win32
		{676DA377-0CE3-45B5-987B-6CF61D18413E}.Debug|Win32.ActiveCfg = Debug|Win32
		{676DA377-0CE3-45B5-987B-6CF61D18413E}.Debug|Win32.Build.0 = Debug|Win32
		{676DA377-0CE3-45B5-987B-6CF61D18413E}.Release|Win32.ActiveCfg = Release|Win32
		{676DA377-0CE3-45B5-987B-6CF61D18413E}.Release|Win32.Build.0 = Release|Win32
		{2B279D42-8A13-486F-9CB8-EBB5D0F9D096}.Debug|Win32.ActiveCfg = Debug|Win32
		{2B279D42-8A13-486F-9CB8-EBB5D0F9D096}.Debug|Win32.Build.0 = Debug|Win32
		{2B279D42-8A13-486F-9CB8-EBB5D0F9D096}.Release|Win32.ActiveCfg = Release|Win32
		{2B279D42-8A13-486F-9CB8-EBB5D0F9D096}.Release|Win32.Build.0 = Release|Win32
		{2CD73AA6-AF9D-4D81-9E92-AEEBF655469D}.Debug|Win32.ActiveCfg = Debug|Win32
		{2CD73AA6-AF9D-4D81-9E92-AEEBF655469D}.Debug|Win32.Build.0 = Debug|Win32
		{2CD73AA6-AF9D-4D81-9E92-AEEBF655469D}.Release|Win32.ActiveCfg = Release|Win32
		{2CD73AA6-AF9D-4D81-9E92-AEEBF655469D}.Release|Win32.Build.0 = Release|Win32
	EndGlobalSection
	GlobalSection(SolutionProperties) = preSolution
		HideSolutionNode = FALSE
	EndGlobalSection
EndGlobal
